
Microsoft Visual Studio Solution File, Format Version 12.00
# Visual Studio Version 17
VisualStudioVersion = 17.13.35919.96
MinimumVisualStudioVersion = 10.0.40219.1
Project("{FAE04EC0-301F-11D3-BF4B-00C04F79EFBC}") = "Mktba.Application", "Mktba.Application\Mktba.Application.csproj", "{B102C288-8434-40A5-AAFC-7D8C434B1B78}"
EndProject
Project("{FAE04EC0-301F-11D3-BF4B-00C04F79EFBC}") = "Mktba.Domain", "Mktba.Domain\Mktba.Domain.csproj", "{A341196E-E7D7-441A-9E20-500A482D417B}"
EndProject
Project("{FAE04EC0-301F-11D3-BF4B-00C04F79EFBC}") = "Mktba.Infrastructure", "Mktba.Infrastructure\Mktba.Infrastructure.csproj", "{20EB41C8-A3A5-4101-B391-46461AE96DA2}"
EndProject
Project("{FAE04EC0-301F-11D3-BF4B-00C04F79EFBC}") = "Mktba.Api", "Mktba.Api\Mktba.Api.csproj", "{2F808BE9-325C-4178-A5D9-40BE4D33CC6E}"
EndProject
Project("{2150E333-8FDC-42A3-9474-1A3956D46DE8}") = "Mktba.Frontend", "Mktba.Frontend", "{02EA681E-C7D8-13C7-8484-4AC65E1B71E8}"
EndProject
Project("{54A90642-561A-4BB1-A94E-469ADEE60C69}") = "mktba.react", "mktba.react\mktba.react.esproj", "{2208140E-2BF8-347D-8FCC-370F2498D37E}"
EndProject
Project("{FAE04EC0-301F-11D3-BF4B-00C04F79EFBC}") = "Mktba.Application.Tests", "Mktba.Application.Tests\Mktba.Application.Tests.csproj", "{119C3C23-651A-43E7-A44F-6AD60B8DBE54}"
EndProject
Global
	GlobalSection(SolutionConfigurationPlatforms) = preSolution
		Debug|Any CPU = Debug|Any CPU
		Debug|x64 = Debug|x64
		Debug|x86 = Debug|x86
		Release|Any CPU = Release|Any CPU
		Release|x64 = Release|x64
		Release|x86 = Release|x86
	EndGlobalSection
	GlobalSection(ProjectConfigurationPlatforms) = postSolution
		{B102C288-8434-40A5-AAFC-7D8C434B1B78}.Debug|Any CPU.ActiveCfg = Debug|Any CPU
		{B102C288-8434-40A5-AAFC-7D8C434B1B78}.Debug|Any CPU.Build.0 = Debug|Any CPU
		{B102C288-8434-40A5-AAFC-7D8C434B1B78}.Debug|x64.ActiveCfg = Debug|Any CPU
		{B102C288-8434-40A5-AAFC-7D8C434B1B78}.Debug|x64.Build.0 = Debug|Any CPU
		{B102C288-8434-40A5-AAFC-7D8C434B1B78}.Debug|x86.ActiveCfg = Debug|Any CPU
		{B102C288-8434-40A5-AAFC-7D8C434B1B78}.Debug|x86.Build.0 = Debug|Any CPU
		{B102C288-8434-40A5-AAFC-7D8C434B1B78}.Release|Any CPU.ActiveCfg = Release|Any CPU
		{B102C288-8434-40A5-AAFC-7D8C434B1B78}.Release|Any CPU.Build.0 = Release|Any CPU
		{B102C288-8434-40A5-AAFC-7D8C434B1B78}.Release|x64.ActiveCfg = Release|Any CPU
		{B102C288-8434-40A5-AAFC-7D8C434B1B78}.Release|x64.Build.0 = Release|Any CPU
		{B102C288-8434-40A5-AAFC-7D8C434B1B78}.Release|x86.ActiveCfg = Release|Any CPU
		{B102C288-8434-40A5-AAFC-7D8C434B1B78}.Release|x86.Build.0 = Release|Any CPU
		{A341196E-E7D7-441A-9E20-500A482D417B}.Debug|Any CPU.ActiveCfg = Debug|Any CPU
		{A341196E-E7D7-441A-9E20-500A482D417B}.Debug|Any CPU.Build.0 = Debug|Any CPU
		{A341196E-E7D7-441A-9E20-500A482D417B}.Debug|x64.ActiveCfg = Debug|Any CPU
		{A341196E-E7D7-441A-9E20-500A482D417B}.Debug|x64.Build.0 = Debug|Any CPU
		{A341196E-E7D7-441A-9E20-500A482D417B}.Debug|x86.ActiveCfg = Debug|Any CPU
		{A341196E-E7D7-441A-9E20-500A482D417B}.Debug|x86.Build.0 = Debug|Any CPU
		{A341196E-E7D7-441A-9E20-500A482D417B}.Release|Any CPU.ActiveCfg = Release|Any CPU
		{A341196E-E7D7-441A-9E20-500A482D417B}.Release|Any CPU.Build.0 = Release|Any CPU
		{A341196E-E7D7-441A-9E20-500A482D417B}.Release|x64.ActiveCfg = Release|Any CPU
		{A341196E-E7D7-441A-9E20-500A482D417B}.Release|x64.Build.0 = Release|Any CPU
		{A341196E-E7D7-441A-9E20-500A482D417B}.Release|x86.ActiveCfg = Release|Any CPU
		{A341196E-E7D7-441A-9E20-500A482D417B}.Release|x86.Build.0 = Release|Any CPU
		{20EB41C8-A3A5-4101-B391-46461AE96DA2}.Debug|Any CPU.ActiveCfg = Debug|Any CPU
		{20EB41C8-A3A5-4101-B391-46461AE96DA2}.Debug|Any CPU.Build.0 = Debug|Any CPU
		{20EB41C8-A3A5-4101-B391-46461AE96DA2}.Debug|x64.ActiveCfg = Debug|Any CPU
		{20EB41C8-A3A5-4101-B391-46461AE96DA2}.Debug|x64.Build.0 = Debug|Any CPU
		{20EB41C8-A3A5-4101-B391-46461AE96DA2}.Debug|x86.ActiveCfg = Debug|Any CPU
		{20EB41C8-A3A5-4101-B391-46461AE96DA2}.Debug|x86.Build.0 = Debug|Any CPU
		{20EB41C8-A3A5-4101-B391-46461AE96DA2}.Release|Any CPU.ActiveCfg = Release|Any CPU
		{20EB41C8-A3A5-4101-B391-46461AE96DA2}.Release|Any CPU.Build.0 = Release|Any CPU
		{20EB41C8-A3A5-4101-B391-46461AE96DA2}.Release|x64.ActiveCfg = Release|Any CPU
		{20EB41C8-A3A5-4101-B391-46461AE96DA2}.Release|x64.Build.0 = Release|Any CPU
		{20EB41C8-A3A5-4101-B391-46461AE96DA2}.Release|x86.ActiveCfg = Release|Any CPU
		{20EB41C8-A3A5-4101-B391-46461AE96DA2}.Release|x86.Build.0 = Release|Any CPU
		{2F808BE9-325C-4178-A5D9-40BE4D33CC6E}.Debug|Any CPU.ActiveCfg = Debug|Any CPU
		{2F808BE9-325C-4178-A5D9-40BE4D33CC6E}.Debug|Any CPU.Build.0 = Debug|Any CPU
		{2F808BE9-325C-4178-A5D9-40BE4D33CC6E}.Debug|x64.ActiveCfg = Debug|Any CPU
		{2F808BE9-325C-4178-A5D9-40BE4D33CC6E}.Debug|x64.Build.0 = Debug|Any CPU
		{2F808BE9-325C-4178-A5D9-40BE4D33CC6E}.Debug|x86.ActiveCfg = Debug|Any CPU
		{2F808BE9-325C-4178-A5D9-40BE4D33CC6E}.Debug|x86.Build.0 = Debug|Any CPU
		{2F808BE9-325C-4178-A5D9-40BE4D33CC6E}.Release|Any CPU.ActiveCfg = Release|Any CPU
		{2F808BE9-325C-4178-A5D9-40BE4D33CC6E}.Release|Any CPU.Build.0 = Release|Any CPU
		{2F808BE9-325C-4178-A5D9-40BE4D33CC6E}.Release|x64.ActiveCfg = Release|Any CPU
		{2F808BE9-325C-4178-A5D9-40BE4D33CC6E}.Release|x64.Build.0 = Release|Any CPU
		{2F808BE9-325C-4178-A5D9-40BE4D33CC6E}.Release|x86.ActiveCfg = Release|Any CPU
		{2F808BE9-325C-4178-A5D9-40BE4D33CC6E}.Release|x86.Build.0 = Release|Any CPU
		{2208140E-2BF8-347D-8FCC-370F2498D37E}.Debug|Any CPU.ActiveCfg = Debug|Any CPU
		{2208140E-2BF8-347D-8FCC-370F2498D37E}.Debug|Any CPU.Build.0 = Debug|Any CPU
		{2208140E-2BF8-347D-8FCC-370F2498D37E}.Debug|Any CPU.Deploy.0 = Debug|Any CPU
		{2208140E-2BF8-347D-8FCC-370F2498D37E}.Debug|x64.ActiveCfg = Debug|x64
		{2208140E-2BF8-347D-8FCC-370F2498D37E}.Debug|x86.ActiveCfg = Debug|x86
		{2208140E-2BF8-347D-8FCC-370F2498D37E}.Release|Any CPU.ActiveCfg = Release|Any CPU
		{2208140E-2BF8-347D-8FCC-370F2498D37E}.Release|Any CPU.Build.0 = Release|Any CPU
		{2208140E-2BF8-347D-8FCC-370F2498D37E}.Release|Any CPU.Deploy.0 = Release|Any CPU
		{2208140E-2BF8-347D-8FCC-370F2498D37E}.Release|x64.ActiveCfg = Release|x64
		{2208140E-2BF8-347D-8FCC-370F2498D37E}.Release|x86.ActiveCfg = Release|x86
		{119C3C23-651A-43E7-A44F-6AD60B8DBE54}.Debug|Any CPU.ActiveCfg = Debug|Any CPU
		{119C3C23-651A-43E7-A44F-6AD60B8DBE54}.Debug|Any CPU.Build.0 = Debug|Any CPU
		{119C3C23-651A-43E7-A44F-6AD60B8DBE54}.Debug|x64.ActiveCfg = Debug|Any CPU
		{119C3C23-651A-43E7-A44F-6AD60B8DBE54}.Debug|x64.Build.0 = Debug|Any CPU
		{119C3C23-651A-43E7-A44F-6AD60B8DBE54}.Debug|x86.ActiveCfg = Debug|Any CPU
		{119C3C23-651A-43E7-A44F-6AD60B8DBE54}.Debug|x86.Build.0 = Debug|Any CPU
		{119C3C23-651A-43E7-A44F-6AD60B8DBE54}.Release|Any CPU.ActiveCfg = Release|Any CPU
		{119C3C23-651A-43E7-A44F-6AD60B8DBE54}.Release|Any CPU.Build.0 = Release|Any CPU
		{119C3C23-651A-43E7-A44F-6AD60B8DBE54}.Release|x64.ActiveCfg = Release|Any CPU
		{119C3C23-651A-43E7-A44F-6AD60B8DBE54}.Release|x64.Build.0 = Release|Any CPU
		{119C3C23-651A-43E7-A44F-6AD60B8DBE54}.Release|x86.ActiveCfg = Release|Any CPU
		{119C3C23-651A-43E7-A44F-6AD60B8DBE54}.Release|x86.Build.0 = Release|Any CPU
	EndGlobalSection
	GlobalSection(SolutionProperties) = preSolution
		HideSolutionNode = FALSE
	EndGlobalSection
	GlobalSection(NestedProjects) = preSolution
		{2208140E-2BF8-347D-8FCC-370F2498D37E} = {02EA681E-C7D8-13C7-8484-4AC65E1B71E8}
	EndGlobalSection
	GlobalSection(ExtensibilityGlobals) = postSolution
		SolutionGuid = {2FB7B44B-336E-45F4-AA7A-FF934BF43CE2}
	EndGlobalSection
EndGlobal
